
Microsoft Visual Studio Solution File, Format Version 12.00
# Visual Studio Version 17
VisualStudioVersion = 17.8.34330.188
MinimumVisualStudioVersion = 10.0.40219.1
Project("{FAE04EC0-301F-11D3-BF4B-00C04F79EFBC}") = "PROG8051-Assignment 3", "PROG8051-Assignment 3\PROG8051-Assignment 3.csproj", "{DBE2DF46-077D-4BBE-B0F5-4765CB8552D7}"
EndProject
Global
	GlobalSection(SolutionConfigurationPlatforms) = preSolution
		Debug|Any CPU = Debug|Any CPU
		Release|Any CPU = Release|Any CPU
	EndGlobalSection
	GlobalSection(ProjectConfigurationPlatforms) = postSolution
		{DBE2DF46-077D-4BBE-B0F5-4765CB8552D7}.Debug|Any CPU.ActiveCfg = Debug|Any CPU
		{DBE2DF46-077D-4BBE-B0F5-4765CB8552D7}.Debug|Any CPU.Build.0 = Debug|Any CPU
		{DBE2DF46-077D-4BBE-B0F5-4765CB8552D7}.Release|Any CPU.ActiveCfg = Release|Any CPU
		{DBE2DF46-077D-4BBE-B0F5-4765CB8552D7}.Release|Any CPU.Build.0 = Release|Any CPU
	EndGlobalSection
	GlobalSection(SolutionProperties) = preSolution
		HideSolutionNode = FALSE
	EndGlobalSection
	GlobalSection(ExtensibilityGlobals) = postSolution
		SolutionGuid = {73937FE5-6E6F-492F-A3CB-919D4FB5ADBA}
	EndGlobalSection
EndGlobal
